// !$*UTF8*$!
{
	archiveVersion = 1;
	classes = {
	};
	objectVersion = 50;
	objects = {

/* Begin PBXBuildFile section */
		A32206B120F9439D0088C2C5 /* AppDelegate.swift in Sources */ = {isa = PBXBuildFile; fileRef = A32206B020F9439D0088C2C5 /* AppDelegate.swift */; };
		A32206B320F9439D0088C2C5 /* ViewController.swift in Sources */ = {isa = PBXBuildFile; fileRef = A32206B220F9439D0088C2C5 /* ViewController.swift */; };
		A32206B620F9439D0088C2C5 /* Main.storyboard in Resources */ = {isa = PBXBuildFile; fileRef = A32206B420F9439D0088C2C5 /* Main.storyboard */; };
		A32206B820F943AB0088C2C5 /* Assets.xcassets in Resources */ = {isa = PBXBuildFile; fileRef = A32206B720F943AB0088C2C5 /* Assets.xcassets */; };
		A32206BB20F943AB0088C2C5 /* LaunchScreen.storyboard in Resources */ = {isa = PBXBuildFile; fileRef = A32206B920F943AB0088C2C5 /* LaunchScreen.storyboard */; };
		A32206C620F943AC0088C2C5 /* Cookups4Tests.swift in Sources */ = {isa = PBXBuildFile; fileRef = A32206C520F943AC0088C2C5 /* Cookups4Tests.swift */; };
		A32206D120F943AC0088C2C5 /* Cookups4UITests.swift in Sources */ = {isa = PBXBuildFile; fileRef = A32206D020F943AC0088C2C5 /* Cookups4UITests.swift */; };
/* End PBXBuildFile section */

/* Begin PBXContainerItemProxy section */
		A32206C220F943AC0088C2C5 /* PBXContainerItemProxy */ = {
			isa = PBXContainerItemProxy;
			containerPortal = A32206A520F9439D0088C2C5 /* Project object */;
			proxyType = 1;
			remoteGlobalIDString = A32206AC20F9439D0088C2C5;
			remoteInfo = Cookups4;
		};
		A32206CD20F943AC0088C2C5 /* PBXContainerItemProxy */ = {
			isa = PBXContainerItemProxy;
			containerPortal = A32206A520F9439D0088C2C5 /* Project object */;
			proxyType = 1;
			remoteGlobalIDString = A32206AC20F9439D0088C2C5;
			remoteInfo = Cookups4;
		};
/* End PBXContainerItemProxy section */

/* Begin PBXFileReference section */
		A32206AD20F9439D0088C2C5 /* Cookups4.app */ = {isa = PBXFileReference; explicitFileType = wrapper.application; includeInIndex = 0; path = Cookups4.app; sourceTree = BUILT_PRODUCTS_DIR; };
		A32206B020F9439D0088C2C5 /* AppDelegate.swift */ = {isa = PBXFileReference; lastKnownFileType = sourcecode.swift; path = AppDelegate.swift; sourceTree = "<group>"; };
		A32206B220F9439D0088C2C5 /* ViewController.swift */ = {isa = PBXFileReference; lastKnownFileType = sourcecode.swift; path = ViewController.swift; sourceTree = "<group>"; };
		A32206B520F9439D0088C2C5 /* Base */ = {isa = PBXFileReference; lastKnownFileType = file.storyboard; name = Base; path = Base.lproj/Main.storyboard; sourceTree = "<group>"; };
		A32206B720F943AB0088C2C5 /* Assets.xcassets */ = {isa = PBXFileReference; lastKnownFileType = folder.assetcatalog; path = Assets.xcassets; sourceTree = "<group>"; };
		A32206BA20F943AB0088C2C5 /* Base */ = {isa = PBXFileReference; lastKnownFileType = file.storyboard; name = Base; path = Base.lproj/LaunchScreen.storyboard; sourceTree = "<group>"; };
		A32206BC20F943AB0088C2C5 /* Info.plist */ = {isa = PBXFileReference; lastKnownFileType = text.plist.xml; path = Info.plist; sourceTree = "<group>"; };
		A32206C120F943AC0088C2C5 /* Cookups4Tests.xctest */ = {isa = PBXFileReference; explicitFileType = wrapper.cfbundle; includeInIndex = 0; path = Cookups4Tests.xctest; sourceTree = BUILT_PRODUCTS_DIR; };
		A32206C520F943AC0088C2C5 /* Cookups4Tests.swift */ = {isa = PBXFileReference; lastKnownFileType = sourcecode.swift; path = Cookups4Tests.swift; sourceTree = "<group>"; };
		A32206C720F943AC0088C2C5 /* Info.plist */ = {isa = PBXFileReference; lastKnownFileType = text.plist.xml; path = Info.plist; sourceTree = "<group>"; };
		A32206CC20F943AC0088C2C5 /* Cookups4UITests.xctest */ = {isa = PBXFileReference; explicitFileType = wrapper.cfbundle; includeInIndex = 0; path = Cookups4UITests.xctest; sourceTree = BUILT_PRODUCTS_DIR; };
		A32206D020F943AC0088C2C5 /* Cookups4UITests.swift */ = {isa = PBXFileReference; lastKnownFileType = sourcecode.swift; path = Cookups4UITests.swift; sourceTree = "<group>"; };
		A32206D220F943AC0088C2C5 /* Info.plist */ = {isa = PBXFileReference; lastKnownFileType = text.plist.xml; path = Info.plist; sourceTree = "<group>"; };
/* End PBXFileReference section */

/* Begin PBXFrameworksBuildPhase section */
		A32206AA20F9439D0088C2C5 /* Frameworks */ = {
			isa = PBXFrameworksBuildPhase;
			buildActionMask = 2147483647;
			files = (
			);
			runOnlyForDeploymentPostprocessing = 0;
		};
		A32206BE20F943AC0088C2C5 /* Frameworks */ = {
			isa = PBXFrameworksBuildPhase;
			buildActionMask = 2147483647;
			files = (
			);
			runOnlyForDeploymentPostprocessing = 0;
		};
		A32206C920F943AC0088C2C5 /* Frameworks */ = {
			isa = PBXFrameworksBuildPhase;
			buildActionMask = 2147483647;
			files = (
			);
			runOnlyForDeploymentPostprocessing = 0;
		};
/* End PBXFrameworksBuildPhase section */

/* Begin PBXGroup section */
		A32206A420F9439D0088C2C5 = {
			isa = PBXGroup;
			children = (
				A32206AF20F9439D0088C2C5 /* Cookups4 */,
				A32206C420F943AC0088C2C5 /* Cookups4Tests */,
				A32206CF20F943AC0088C2C5 /* Cookups4UITests */,
				A32206AE20F9439D0088C2C5 /* Products */,
			);
			sourceTree = "<group>";
		};
		A32206AE20F9439D0088C2C5 /* Products */ = {
			isa = PBXGroup;
			children = (
				A32206AD20F9439D0088C2C5 /* Cookups4.app */,
				A32206C120F943AC0088C2C5 /* Cookups4Tests.xctest */,
				A32206CC20F943AC0088C2C5 /* Cookups4UITests.xctest */,
			);
			name = Products;
			sourceTree = "<group>";
		};
		A32206AF20F9439D0088C2C5 /* Cookups4 */ = {
			isa = PBXGroup;
			children = (
				A32206B020F9439D0088C2C5 /* AppDelegate.swift */,
				A32206B220F9439D0088C2C5 /* ViewController.swift */,
				A32206B420F9439D0088C2C5 /* Main.storyboard */,
				A32206B720F943AB0088C2C5 /* Assets.xcassets */,
				A32206B920F943AB0088C2C5 /* LaunchScreen.storyboard */,
				A32206BC20F943AB0088C2C5 /* Info.plist */,
			);
			path = Cookups4;
			sourceTree = "<group>";
		};
		A32206C420F943AC0088C2C5 /* Cookups4Tests */ = {
			isa = PBXGroup;
			children = (
				A32206C520F943AC0088C2C5 /* Cookups4Tests.swift */,
				A32206C720F943AC0088C2C5 /* Info.plist */,
			);
			path = Cookups4Tests;
			sourceTree = "<group>";
		};
		A32206CF20F943AC0088C2C5 /* Cookups4UITests */ = {
			isa = PBXGroup;
			children = (
				A32206D020F943AC0088C2C5 /* Cookups4UITests.swift */,
				A32206D220F943AC0088C2C5 /* Info.plist */,
			);
			path = Cookups4UITests;
			sourceTree = "<group>";
		};
/* End PBXGroup section */

/* Begin PBXNativeTarget section */
		A32206AC20F9439D0088C2C5 /* Cookups4 */ = {
			isa = PBXNativeTarget;
			buildConfigurationList = A32206D520F943AC0088C2C5 /* Build configuration list for PBXNativeTarget "Cookups4" */;
			buildPhases = (
				A32206A920F9439D0088C2C5 /* Sources */,
				A32206AA20F9439D0088C2C5 /* Frameworks */,
				A32206AB20F9439D0088C2C5 /* Resources */,
			);
			buildRules = (
			);
			dependencies = (
			);
			name = Cookups4;
			productName = Cookups4;
			productReference = A32206AD20F9439D0088C2C5 /* Cookups4.app */;
			productType = "com.apple.product-type.application";
		};
		A32206C020F943AC0088C2C5 /* Cookups4Tests */ = {
			isa = PBXNativeTarget;
			buildConfigurationList = A32206D820F943AC0088C2C5 /* Build configuration list for PBXNativeTarget "Cookups4Tests" */;
			buildPhases = (
				A32206BD20F943AC0088C2C5 /* Sources */,
				A32206BE20F943AC0088C2C5 /* Frameworks */,
				A32206BF20F943AC0088C2C5 /* Resources */,
			);
			buildRules = (
			);
			dependencies = (
				A32206C320F943AC0088C2C5 /* PBXTargetDependency */,
			);
			name = Cookups4Tests;
			productName = Cookups4Tests;
			productReference = A32206C120F943AC0088C2C5 /* Cookups4Tests.xctest */;
			productType = "com.apple.product-type.bundle.unit-test";
		};
		A32206CB20F943AC0088C2C5 /* Cookups4UITests */ = {
			isa = PBXNativeTarget;
			buildConfigurationList = A32206DB20F943AC0088C2C5 /* Build configuration list for PBXNativeTarget "Cookups4UITests" */;
			buildPhases = (
				A32206C820F943AC0088C2C5 /* Sources */,
				A32206C920F943AC0088C2C5 /* Frameworks */,
				A32206CA20F943AC0088C2C5 /* Resources */,
			);
			buildRules = (
			);
			dependencies = (
				A32206CE20F943AC0088C2C5 /* PBXTargetDependency */,
			);
			name = Cookups4UITests;
			productName = Cookups4UITests;
			productReference = A32206CC20F943AC0088C2C5 /* Cookups4UITests.xctest */;
			productType = "com.apple.product-type.bundle.ui-testing";
		};
/* End PBXNativeTarget section */

/* Begin PBXProject section */
		A32206A520F9439D0088C2C5 /* Project object */ = {
			isa = PBXProject;
			attributes = {
				LastSwiftUpdateCheck = 0930;
				LastUpgradeCheck = 0930;
				ORGANIZATIONNAME = "HF Shan";
				TargetAttributes = {
					A32206AC20F9439D0088C2C5 = {
						CreatedOnToolsVersion = 9.3;
					};
					A32206C020F943AC0088C2C5 = {
						CreatedOnToolsVersion = 9.3;
						TestTargetID = A32206AC20F9439D0088C2C5;
					};
					A32206CB20F943AC0088C2C5 = {
						CreatedOnToolsVersion = 9.3;
						TestTargetID = A32206AC20F9439D0088C2C5;
					};
				};
			};
			buildConfigurationList = A32206A820F9439D0088C2C5 /* Build configuration list for PBXProject "Cookups4" */;
			compatibilityVersion = "Xcode 9.3";
			developmentRegion = en;
			hasScannedForEncodings = 0;
			knownRegions = (
				en,
				Base,
			);
			mainGroup = A32206A420F9439D0088C2C5;
			productRefGroup = A32206AE20F9439D0088C2C5 /* Products */;
			projectDirPath = "";
			projectRoot = "";
			targets = (
				A32206AC20F9439D0088C2C5 /* Cookups4 */,
				A32206C020F943AC0088C2C5 /* Cookups4Tests */,
				A32206CB20F943AC0088C2C5 /* Cookups4UITests */,
			);
		};
/* End PBXProject section */

/* Begin PBXResourcesBuildPhase section */
		A32206AB20F9439D0088C2C5 /* Resources */ = {
			isa = PBXResourcesBuildPhase;
			buildActionMask = 2147483647;
			files = (
				A32206BB20F943AB0088C2C5 /* LaunchScreen.storyboard in Resources */,
				A32206B820F943AB0088C2C5 /* Assets.xcassets in Resources */,
				A32206B620F9439D0088C2C5 /* Main.storyboard in Resources */,
			);
			runOnlyForDeploymentPostprocessing = 0;
		};
		A32206BF20F943AC0088C2C5 /* Resources */ = {
			isa = PBXResourcesBuildPhase;
			buildActionMask = 2147483647;
			files = (
			);
			runOnlyForDeploymentPostprocessing = 0;
		};
		A32206CA20F943AC0088C2C5 /* Resources */ = {
			isa = PBXResourcesBuildPhase;
			buildActionMask = 2147483647;
			files = (
			);
			runOnlyForDeploymentPostprocessing = 0;
		};
/* End PBXResourcesBuildPhase section */

/* Begin PBXSourcesBuildPhase section */
		A32206A920F9439D0088C2C5 /* Sources */ = {
			isa = PBXSourcesBuildPhase;
			buildActionMask = 2147483647;
			files = (
				A32206B320F9439D0088C2C5 /* ViewController.swift in Sources */,
				A32206B120F9439D0088C2C5 /* AppDelegate.swift in Sources */,
			);
			runOnlyForDeploymentPostprocessing = 0;
		};
		A32206BD20F943AC0088C2C5 /* Sources */ = {
			isa = PBXSourcesBuildPhase;
			buildActionMask = 2147483647;
			files = (
				A32206C620F943AC0088C2C5 /* Cookups4Tests.swift in Sources */,
			);
			runOnlyForDeploymentPostprocessing = 0;
		};
		A32206C820F943AC0088C2C5 /* Sources */ = {
			isa = PBXSourcesBuildPhase;
			buildActionMask = 2147483647;
			files = (
				A32206D120F943AC0088C2C5 /* Cookups4UITests.swift in Sources */,
			);
			runOnlyForDeploymentPostprocessing = 0;
		};
/* End PBXSourcesBuildPhase section */

/* Begin PBXTargetDependency section */
		A32206C320F943AC0088C2C5 /* PBXTargetDependency */ = {
			isa = PBXTargetDependency;
			target = A32206AC20F9439D0088C2C5 /* Cookups4 */;
			targetProxy = A32206C220F943AC0088C2C5 /* PBXContainerItemProxy */;
		};
		A32206CE20F943AC0088C2C5 /* PBXTargetDependency */ = {
			isa = PBXTargetDependency;
			target = A32206AC20F9439D0088C2C5 /* Cookups4 */;
			targetProxy = A32206CD20F943AC0088C2C5 /* PBXContainerItemProxy */;
		};
/* End PBXTargetDependency section */

/* Begin PBXVariantGroup section */
		A32206B420F9439D0088C2C5 /* Main.storyboard */ = {
			isa = PBXVariantGroup;
			children = (
				A32206B520F9439D0088C2C5 /* Base */,
			);
			name = Main.storyboard;
			sourceTree = "<group>";
		};
		A32206B920F943AB0088C2C5 /* LaunchScreen.storyboard */ = {
			isa = PBXVariantGroup;
			children = (
				A32206BA20F943AB0088C2C5 /* Base */,
			);
			name = LaunchScreen.storyboard;
			sourceTree = "<group>";
		};
/* End PBXVariantGroup section */

/* Begin XCBuildConfiguration section */
		A32206D320F943AC0088C2C5 /* Debug */ = {
			isa = XCBuildConfiguration;
			buildSettings = {
				ALWAYS_SEARCH_USER_PATHS = NO;
				CLANG_ANALYZER_NONNULL = YES;
				CLANG_ANALYZER_NUMBER_OBJECT_CONVERSION = YES_AGGRESSIVE;
				CLANG_CXX_LANGUAGE_STANDARD = "gnu++14";
				CLANG_CXX_LIBRARY = "libc++";
				CLANG_ENABLE_MODULES = YES;
				CLANG_ENABLE_OBJC_ARC = YES;
				CLANG_ENABLE_OBJC_WEAK = YES;
				CLANG_WARN_BLOCK_CAPTURE_AUTORELEASING = YES;
				CLANG_WARN_BOOL_CONVERSION = YES;
				CLANG_WARN_COMMA = YES;
				CLANG_WARN_CONSTANT_CONVERSION = YES;
				CLANG_WARN_DEPRECATED_OBJC_IMPLEMENTATIONS = YES;
				CLANG_WARN_DIRECT_OBJC_ISA_USAGE = YES_ERROR;
				CLANG_WARN_DOCUMENTATION_COMMENTS = YES;
				CLANG_WARN_EMPTY_BODY = YES;
				CLANG_WARN_ENUM_CONVERSION = YES;
				CLANG_WARN_INFINITE_RECURSION = YES;
				CLANG_WARN_INT_CONVERSION = YES;
				CLANG_WARN_NON_LITERAL_NULL_CONVERSION = YES;
				CLANG_WARN_OBJC_IMPLICIT_RETAIN_SELF = YES;
				CLANG_WARN_OBJC_LITERAL_CONVERSION = YES;
				CLANG_WARN_OBJC_ROOT_CLASS = YES_ERROR;
				CLANG_WARN_RANGE_LOOP_ANALYSIS = YES;
				CLANG_WARN_STRICT_PROTOTYPES = YES;
				CLANG_WARN_SUSPICIOUS_MOVE = YES;
				CLANG_WARN_UNGUARDED_AVAILABILITY = YES_AGGRESSIVE;
				CLANG_WARN_UNREACHABLE_CODE = YES;
				CLANG_WARN__DUPLICATE_METHOD_MATCH = YES;
				CODE_SIGN_IDENTITY = "iPhone Developer";
				COPY_PHASE_STRIP = NO;
				DEBUG_INFORMATION_FORMAT = dwarf;
				ENABLE_STRICT_OBJC_MSGSEND = YES;
				ENABLE_TESTABILITY = YES;
				GCC_C_LANGUAGE_STANDARD = gnu11;
				GCC_DYNAMIC_NO_PIC = NO;
				GCC_NO_COMMON_BLOCKS = YES;
				GCC_OPTIMIZATION_LEVEL = 0;
				GCC_PREPROCESSOR_DEFINITIONS = (
					"DEBUG=1",
					"$(inherited)",
				);
				GCC_WARN_64_TO_32_BIT_CONVERSION = YES;
				GCC_WARN_ABOUT_RETURN_TYPE = YES_ERROR;
				GCC_WARN_UNDECLARED_SELECTOR = YES;
				GCC_WARN_UNINITIALIZED_AUTOS = YES_AGGRESSIVE;
				GCC_WARN_UNUSED_FUNCTION = YES;
				GCC_WARN_UNUSED_VARIABLE = YES;
				IPHONEOS_DEPLOYMENT_TARGET = 11.3;
				MTL_ENABLE_DEBUG_INFO = YES;
				ONLY_ACTIVE_ARCH = YES;
				SDKROOT = iphoneos;
				SWIFT_ACTIVE_COMPILATION_CONDITIONS = DEBUG;
				SWIFT_OPTIMIZATION_LEVEL = "-Onone";
			};
			name = Debug;
		};
		A32206D420F943AC0088C2C5 /* Release */ = {
			isa = XCBuildConfiguration;
			buildSettings = {
				ALWAYS_SEARCH_USER_PATHS = NO;
				CLANG_ANALYZER_NONNULL = YES;
				CLANG_ANALYZER_NUMBER_OBJECT_CONVERSION = YES_AGGRESSIVE;
				CLANG_CXX_LANGUAGE_STANDARD = "gnu++14";
				CLANG_CXX_LIBRARY = "libc++";
				CLANG_ENABLE_MODULES = YES;
				CLANG_ENABLE_OBJC_ARC = YES;
				CLANG_ENABLE_OBJC_WEAK = YES;
				CLANG_WARN_BLOCK_CAPTURE_AUTORELEASING = YES;
				CLANG_WARN_BOOL_CONVERSION = YES;
				CLANG_WARN_COMMA = YES;
				CLANG_WARN_CONSTANT_CONVERSION = YES;
				CLANG_WARN_DEPRECATED_OBJC_IMPLEMENTATIONS = YES;
				CLANG_WARN_DIRECT_OBJC_ISA_USAGE = YES_ERROR;
				CLANG_WARN_DOCUMENTATION_COMMENTS = YES;
				CLANG_WARN_EMPTY_BODY = YES;
				CLANG_WARN_ENUM_CONVERSION = YES;
				CLANG_WARN_INFINITE_RECURSION = YES;
				CLANG_WARN_INT_CONVERSION = YES;
				CLANG_WARN_NON_LITERAL_NULL_CONVERSION = YES;
				CLANG_WARN_OBJC_IMPLICIT_RETAIN_SELF = YES;
				CLANG_WARN_OBJC_LITERAL_CONVERSION = YES;
				CLANG_WARN_OBJC_ROOT_CLASS = YES_ERROR;
				CLANG_WARN_RANGE_LOOP_ANALYSIS = YES;
				CLANG_WARN_STRICT_PROTOTYPES = YES;
				CLANG_WARN_SUSPICIOUS_MOVE = YES;
				CLANG_WARN_UNGUARDED_AVAILABILITY = YES_AGGRESSIVE;
				CLANG_WARN_UNREACHABLE_CODE = YES;
				CLANG_WARN__DUPLICATE_METHOD_MATCH = YES;
				CODE_SIGN_IDENTITY = "iPhone Developer";
				COPY_PHASE_STRIP = NO;
				DEBUG_INFORMATION_FORMAT = "dwarf-with-dsym";
				ENABLE_NS_ASSERTIONS = NO;
				ENABLE_STRICT_OBJC_MSGSEND = YES;
				GCC_C_LANGUAGE_STANDARD = gnu11;
				GCC_NO_COMMON_BLOCKS = YES;
				GCC_WARN_64_TO_32_BIT_CONVERSION = YES;
				GCC_WARN_ABOUT_RETURN_TYPE = YES_ERROR;
				GCC_WARN_UNDECLARED_SELECTOR = YES;
				GCC_WARN_UNINITIALIZED_AUTOS = YES_AGGRESSIVE;
				GCC_WARN_UNUSED_FUNCTION = YES;
				GCC_WARN_UNUSED_VARIABLE = YES;
				IPHONEOS_DEPLOYMENT_TARGET = 11.3;
				MTL_ENABLE_DEBUG_INFO = NO;
				SDKROOT = iphoneos;
				SWIFT_COMPILATION_MODE = wholemodule;
				SWIFT_OPTIMIZATION_LEVEL = "-O";
				VALIDATE_PRODUCT = YES;
			};
			name = Release;
		};
		A32206D620F943AC0088C2C5 /* Debug */ = {
			isa = XCBuildConfiguration;
			buildSettings = {
				ASSETCATALOG_COMPILER_APPICON_NAME = AppIcon;
				CODE_SIGN_STYLE = Automatic;
				DEVELOPMENT_TEAM = 3R5CA877VS;
				INFOPLIST_FILE = Cookups4/Info.plist;
				LD_RUNPATH_SEARCH_PATHS = (
					"$(inherited)",
					"@executable_path/Frameworks",
				);
				PRODUCT_BUNDLE_IDENTIFIER = "HF-Shan.Cookups4";
				PRODUCT_NAME = "$(TARGET_NAME)";
				SWIFT_VERSION = 4.0;
				TARGETED_DEVICE_FAMILY = "1,2";
			};
			name = Debug;
		};
		A32206D720F943AC0088C2C5 /* Release */ = {
			isa = XCBuildConfiguration;
			buildSettings = {
				ASSETCATALOG_COMPILER_APPICON_NAME = AppIcon;
				CODE_SIGN_STYLE = Automatic;
				DEVELOPMENT_TEAM = 3R5CA877VS;
				INFOPLIST_FILE = Cookups4/Info.plist;
				LD_RUNPATH_SEARCH_PATHS = (
					"$(inherited)",
					"@executable_path/Frameworks",
				);
				PRODUCT_BUNDLE_IDENTIFIER = "HF-Shan.Cookups4";
				PRODUCT_NAME = "$(TARGET_NAME)";
				SWIFT_VERSION = 4.0;
				TARGETED_DEVICE_FAMILY = "1,2";
			};
			name = Release;
		};
		A32206D920F943AC0088C2C5 /* Debug */ = {
			isa = XCBuildConfiguration;
			buildSettings = {
				ALWAYS_EMBED_SWIFT_STANDARD_LIBRARIES = YES;
				BUNDLE_LOADER = "$(TEST_HOST)";
				CODE_SIGN_STYLE = Automatic;
				DEVELOPMENT_TEAM = 3R5CA877VS;
				INFOPLIST_FILE = Cookups4Tests/Info.plist;
				LD_RUNPATH_SEARCH_PATHS = (
					"$(inherited)",
					"@executable_path/Frameworks",
					"@loader_path/Frameworks",
				);
				PRODUCT_BUNDLE_IDENTIFIER = "HF-Shan.Cookups4Tests";
				PRODUCT_NAME = "$(TARGET_NAME)";
				SWIFT_VERSION = 4.0;
				TARGETED_DEVICE_FAMILY = "1,2";
				TEST_HOST = "$(BUILT_PRODUCTS_DIR)/Cookups4.app/Cookups4";
			};
			name = Debug;
		};
		A32206DA20F943AC0088C2C5 /* Release */ = {
			isa = XCBuildConfiguration;
			buildSettings = {
				ALWAYS_EMBED_SWIFT_STANDARD_LIBRARIES = YES;
				BUNDLE_LOADER = "$(TEST_HOST)";
				CODE_SIGN_STYLE = Automatic;
				DEVELOPMENT_TEAM = 3R5CA877VS;
				INFOPLIST_FILE = Cookups4Tests/Info.plist;
				LD_RUNPATH_SEARCH_PATHS = (
					"$(inherited)",
					"@executable_path/Frameworks",
					"@loader_path/Frameworks",
				);
				PRODUCT_BUNDLE_IDENTIFIER = "HF-Shan.Cookups4Tests";
				PRODUCT_NAME = "$(TARGET_NAME)";
				SWIFT_VERSION = 4.0;
				TARGETED_DEVICE_FAMILY = "1,2";
				TEST_HOST = "$(BUILT_PRODUCTS_DIR)/Cookups4.app/Cookups4";
			};
			name = Release;
		};
		A32206DC20F943AC0088C2C5 /* Debug */ = {
			isa = XCBuildConfiguration;
			buildSettings = {
				ALWAYS_EMBED_SWIFT_STANDARD_LIBRARIES = YES;
				CODE_SIGN_STYLE = Automatic;
				DEVELOPMENT_TEAM = 3R5CA877VS;
				INFOPLIST_FILE = Cookups4UITests/Info.plist;
				LD_RUNPATH_SEARCH_PATHS = (
					"$(inherited)",
					"@executable_path/Frameworks",
					"@loader_path/Frameworks",
				);
				PRODUCT_BUNDLE_IDENTIFIER = "HF-Shan.Cookups4UITests";
				PRODUCT_NAME = "$(TARGET_NAME)";
				SWIFT_VERSION = 4.0;
				TARGETED_DEVICE_FAMILY = "1,2";
				TEST_TARGET_NAME = Cookups4;
			};
			name = Debug;
		};
		A32206DD20F943AC0088C2C5 /* Release */ = {
			isa = XCBuildConfiguration;
			buildSettings = {
				ALWAYS_EMBED_SWIFT_STANDARD_LIBRARIES = YES;
				CODE_SIGN_STYLE = Automatic;
				DEVELOPMENT_TEAM = 3R5CA877VS;
				INFOPLIST_FILE = Cookups4UITests/Info.plist;
				LD_RUNPATH_SEARCH_PATHS = (
					"$(inherited)",
					"@executable_path/Frameworks",
					"@loader_path/Frameworks",
				);
				PRODUCT_BUNDLE_IDENTIFIER = "HF-Shan.Cookups4UITests";
				PRODUCT_NAME = "$(TARGET_NAME)";
				SWIFT_VERSION = 4.0;
				TARGETED_DEVICE_FAMILY = "1,2";
				TEST_TARGET_NAME = Cookups4;
			};
			name = Release;
		};
/* End XCBuildConfiguration section */

/* Begin XCConfigurationList section */
		A32206A820F9439D0088C2C5 /* Build configuration list for PBXProject "Cookups4" */ = {
			isa = XCConfigurationList;
			buildConfigurations = (
				A32206D320F943AC0088C2C5 /* Debug */,
				A32206D420F943AC0088C2C5 /* Release */,
			);
			defaultConfigurationIsVisible = 0;
			defaultConfigurationName = Release;
		};
		A32206D520F943AC0088C2C5 /* Build configuration list for PBXNativeTarget "Cookups4" */ = {
			isa = XCConfigurationList;
			buildConfigurations = (
				A32206D620F943AC0088C2C5 /* Debug */,
				A32206D720F943AC0088C2C5 /* Release */,
			);
			defaultConfigurationIsVisible = 0;
			defaultConfigurationName = Release;
		};
		A32206D820F943AC0088C2C5 /* Build configuration list for PBXNativeTarget "Cookups4Tests" */ = {
			isa = XCConfigurationList;
			buildConfigurations = (
				A32206D920F943AC0088C2C5 /* Debug */,
				A32206DA20F943AC0088C2C5 /* Release */,
			);
			defaultConfigurationIsVisible = 0;
			defaultConfigurationName = Release;
		};
		A32206DB20F943AC0088C2C5 /* Build configuration list for PBXNativeTarget "Cookups4UITests" */ = {
			isa = XCConfigurationList;
			buildConfigurations = (
				A32206DC20F943AC0088C2C5 /* Debug */,
				A32206DD20F943AC0088C2C5 /* Release */,
			);
			defaultConfigurationIsVisible = 0;
			defaultConfigurationName = Release;
		};
/* End XCConfigurationList section */
	};
	rootObject = A32206A520F9439D0088C2C5 /* Project object */;
}
